
Microsoft Visual Studio Solution File, Format Version 12.00
# Visual Studio Version 16
VisualStudioVersion = 16.0.29326.143
MinimumVisualStudioVersion = 10.0.40219.1
Project("{FAE04EC0-301F-11D3-BF4B-00C04F79EFBC}") = "Server", "Server\Server.csproj", "{2316320C-5DA5-4C72-B00B-9F6323F6BAF3}"
EndProject
Project("{FAE04EC0-301F-11D3-BF4B-00C04F79EFBC}") = "Orders", "Orders\Orders.csproj", "{C3A3D7DA-EFDC-4CF3-92E7-50C7CF068E21}"
EndProject
Global
	GlobalSection(SolutionConfigurationPlatforms) = preSolution
		Debug|Any CPU = Debug|Any CPU
		Release|Any CPU = Release|Any CPU
	EndGlobalSection
	GlobalSection(ProjectConfigurationPlatforms) = postSolution
		{2316320C-5DA5-4C72-B00B-9F6323F6BAF3}.Debug|Any CPU.ActiveCfg = Debug|Any CPU
		{2316320C-5DA5-4C72-B00B-9F6323F6BAF3}.Debug|Any CPU.Build.0 = Debug|Any CPU
		{2316320C-5DA5-4C72-B00B-9F6323F6BAF3}.Release|Any CPU.ActiveCfg = Release|Any CPU
		{2316320C-5DA5-4C72-B00B-9F6323F6BAF3}.Release|Any CPU.Build.0 = Release|Any CPU
		{C3A3D7DA-EFDC-4CF3-92E7-50C7CF068E21}.Debug|Any CPU.ActiveCfg = Debug|Any CPU
		{C3A3D7DA-EFDC-4CF3-92E7-50C7CF068E21}.Debug|Any CPU.Build.0 = Debug|Any CPU
		{C3A3D7DA-EFDC-4CF3-92E7-50C7CF068E21}.Release|Any CPU.ActiveCfg = Release|Any CPU
		{C3A3D7DA-EFDC-4CF3-92E7-50C7CF068E21}.Release|Any CPU.Build.0 = Release|Any CPU
	EndGlobalSection
	GlobalSection(SolutionProperties) = preSolution
		HideSolutionNode = FALSE
	EndGlobalSection
	GlobalSection(ExtensibilityGlobals) = postSolution
		SolutionGuid = {1875B2BF-A971-4467-B247-E2C07518E3E1}
	EndGlobalSection
EndGlobal
